# THIS IS AN AUTOGENERATED FILE. DO NOT EDIT THIS FILE DIRECTLY.
# yarn lockfile v1


frappe-gantt@^0.5.0:
  version "0.5.0"
  resolved "https://registry.yarnpkg.com/frappe-gantt/-/frappe-gantt-0.5.0.tgz#4dc7aa125f318efea64b4ae0e38f67a720238c1d"
  integrity sha512-RAskVuBmnTcPJXh87oVhYmnNGy/9lvZlLHGui8QFB8yRBuUjzpZoZfZ+hKmDtBDmWNrE2/LRta06W5WmhTzzWQ==

moment@^2.29.1:
  version "2.29.1"
  resolved "https://registry.yarnpkg.com/moment/-/moment-2.29.1.tgz#b2be769fa31940be9eeea6469c075e35006fa3d3"
  integrity sha512-kHmoybcPV8Sqy59DwNDY3Jefr64lK/by/da0ViFcuA4DH0vQg5Q6Ze5VimxkfQNSC+Mls/Kx53s7TjP1RhFEDQ==
